
Microsoft Visual Studio Solution File, Format Version 12.00
# Visual Studio Version 16
VisualStudioVersion = 16.0.29209.62
MinimumVisualStudioVersion = 10.0.40219.1
Project("{FAE04EC0-301F-11D3-BF4B-00C04F79EFBC}") = "Lab-20.09.2023", "Lab-20.09.2023\Lab-20.09.2023.csproj", "{C680B034-9ACE-4616-A60D-F33FCFBED9C3}"
EndProject
Global
	GlobalSection(SolutionConfigurationPlatforms) = preSolution
		Debug|Any CPU = Debug|Any CPU
		Release|Any CPU = Release|Any CPU
	EndGlobalSection
	GlobalSection(ProjectConfigurationPlatforms) = postSolution
		{C680B034-9ACE-4616-A60D-F33FCFBED9C3}.Debug|Any CPU.ActiveCfg = Debug|Any CPU
		{C680B034-9ACE-4616-A60D-F33FCFBED9C3}.Debug|Any CPU.Build.0 = Debug|Any CPU
		{C680B034-9ACE-4616-A60D-F33FCFBED9C3}.Release|Any CPU.ActiveCfg = Release|Any CPU
		{C680B034-9ACE-4616-A60D-F33FCFBED9C3}.Release|Any CPU.Build.0 = Release|Any CPU
	EndGlobalSection
	GlobalSection(SolutionProperties) = preSolution
		HideSolutionNode = FALSE
	EndGlobalSection
	GlobalSection(ExtensibilityGlobals) = postSolution
		SolutionGuid = {23F2D64D-CF90-47F4-8399-2550EC17CA0C}
	EndGlobalSection
EndGlobal
